
Microsoft Visual Studio Solution File, Format Version 12.00
Project("{FAE04EC0-301F-11D3-BF4B-00C04F79EFBC}") = "HealthMonitor.Domain", "src\HealthMonitor.Domain\HealthMonitor.Domain.csproj", "{CDD09EA3-0AFA-4EDD-B800-B74A9C9490DE}"
EndProject
Project("{FAE04EC0-301F-11D3-BF4B-00C04F79EFBC}") = "HealthMonitor.Application", "src\HealthMonitor.Application\HealthMonitor.Application.csproj", "{0FF335EE-E61D-4374-AE95-4C30C6B69D2C}"
EndProject
Project("{FAE04EC0-301F-11D3-BF4B-00C04F79EFBC}") = "HealthMonitor.Application.Tests.Unit", "tests\HealthMonitor.Application.Tests.Unit\HealthMonitor.Application.Tests.Unit.csproj", "{F338DC8A-B960-4175-A41B-884EF3300E9A}"
EndProject
Project("{FAE04EC0-301F-11D3-BF4B-00C04F79EFBC}") = "HealthMonitor.Infrastructure", "src\HealthMonitor.Infrastructure\HealthMonitor.Infrastructure.csproj", "{B89EFFFA-020F-4CA8-97A6-62DC51768B0A}"
EndProject
Project("{FAE04EC0-301F-11D3-BF4B-00C04F79EFBC}") = "HealthMonitor.Console", "src\HealthMonitor.Console\HealthMonitor.Console.csproj", "{1567269C-D671-4878-8BA1-2914FE0F0602}"
EndProject
Project("{2150E333-8FDC-42A3-9474-1A3956D46DE8}") = "00 - Solution Items", "00 - Solution Items", "{302D1D09-FBCE-4E90-AFBC-7E70645FA051}"
	ProjectSection(SolutionItems) = preProject
		README.md = README.md
	EndProjectSection
EndProject
Project("{2150E333-8FDC-42A3-9474-1A3956D46DE8}") = "01 - Core", "01 - Core", "{1EEE7A62-B02C-4C90-905A-9AF2563DABCC}"
EndProject
Project("{2150E333-8FDC-42A3-9474-1A3956D46DE8}") = "02 - Tests", "02 - Tests", "{4B6B67B8-4CC5-4D83-B2C6-4B1E1ED99D2A}"
EndProject
Global
	GlobalSection(SolutionConfigurationPlatforms) = preSolution
		Debug|Any CPU = Debug|Any CPU
		Release|Any CPU = Release|Any CPU
	EndGlobalSection
	GlobalSection(ProjectConfigurationPlatforms) = postSolution
		{CDD09EA3-0AFA-4EDD-B800-B74A9C9490DE}.Debug|Any CPU.ActiveCfg = Debug|Any CPU
		{CDD09EA3-0AFA-4EDD-B800-B74A9C9490DE}.Debug|Any CPU.Build.0 = Debug|Any CPU
		{CDD09EA3-0AFA-4EDD-B800-B74A9C9490DE}.Release|Any CPU.ActiveCfg = Release|Any CPU
		{CDD09EA3-0AFA-4EDD-B800-B74A9C9490DE}.Release|Any CPU.Build.0 = Release|Any CPU
		{0FF335EE-E61D-4374-AE95-4C30C6B69D2C}.Debug|Any CPU.ActiveCfg = Debug|Any CPU
		{0FF335EE-E61D-4374-AE95-4C30C6B69D2C}.Debug|Any CPU.Build.0 = Debug|Any CPU
		{0FF335EE-E61D-4374-AE95-4C30C6B69D2C}.Release|Any CPU.ActiveCfg = Release|Any CPU
		{0FF335EE-E61D-4374-AE95-4C30C6B69D2C}.Release|Any CPU.Build.0 = Release|Any CPU
		{F338DC8A-B960-4175-A41B-884EF3300E9A}.Debug|Any CPU.ActiveCfg = Debug|Any CPU
		{F338DC8A-B960-4175-A41B-884EF3300E9A}.Debug|Any CPU.Build.0 = Debug|Any CPU
		{F338DC8A-B960-4175-A41B-884EF3300E9A}.Release|Any CPU.ActiveCfg = Release|Any CPU
		{F338DC8A-B960-4175-A41B-884EF3300E9A}.Release|Any CPU.Build.0 = Release|Any CPU
		{B89EFFFA-020F-4CA8-97A6-62DC51768B0A}.Debug|Any CPU.ActiveCfg = Debug|Any CPU
		{B89EFFFA-020F-4CA8-97A6-62DC51768B0A}.Debug|Any CPU.Build.0 = Debug|Any CPU
		{B89EFFFA-020F-4CA8-97A6-62DC51768B0A}.Release|Any CPU.ActiveCfg = Release|Any CPU
		{B89EFFFA-020F-4CA8-97A6-62DC51768B0A}.Release|Any CPU.Build.0 = Release|Any CPU
		{1567269C-D671-4878-8BA1-2914FE0F0602}.Debug|Any CPU.ActiveCfg = Debug|Any CPU
		{1567269C-D671-4878-8BA1-2914FE0F0602}.Debug|Any CPU.Build.0 = Debug|Any CPU
		{1567269C-D671-4878-8BA1-2914FE0F0602}.Release|Any CPU.ActiveCfg = Release|Any CPU
		{1567269C-D671-4878-8BA1-2914FE0F0602}.Release|Any CPU.Build.0 = Release|Any CPU
	EndGlobalSection
	GlobalSection(NestedProjects) = preSolution
		{0FF335EE-E61D-4374-AE95-4C30C6B69D2C} = {1EEE7A62-B02C-4C90-905A-9AF2563DABCC}
		{CDD09EA3-0AFA-4EDD-B800-B74A9C9490DE} = {1EEE7A62-B02C-4C90-905A-9AF2563DABCC}
		{B89EFFFA-020F-4CA8-97A6-62DC51768B0A} = {1EEE7A62-B02C-4C90-905A-9AF2563DABCC}
		{1567269C-D671-4878-8BA1-2914FE0F0602} = {1EEE7A62-B02C-4C90-905A-9AF2563DABCC}
		{F338DC8A-B960-4175-A41B-884EF3300E9A} = {4B6B67B8-4CC5-4D83-B2C6-4B1E1ED99D2A}
	EndGlobalSection
EndGlobal
